
Microsoft Visual Studio Solution File, Format Version 12.00
# Visual Studio Version 18
VisualStudioVersion = 18.3.11512.155
MinimumVisualStudioVersion = 10.0.40219.1
Project("{2150E333-8FDC-42A3-9474-1A3956D46DE8}") = "src", "src", "{B35D9F88-74AE-4357-850D-00B4AF0872F9}"
EndProject
Project("{2150E333-8FDC-42A3-9474-1A3956D46DE8}") = "tests", "tests", "{D606625A-3E64-488F-80C2-47B0ADF6D433}"
EndProject
Project("{2150E333-8FDC-42A3-9474-1A3956D46DE8}") = "common", "common", "{8DCAAB3D-4F2C-46B1-8F13-5E9F08AC03F0}"
		ProjectSection(SolutionItems) = preProject
			docker-compose.yml = docker-compose.yml
			Dockerfile = Dockerfile
			entrypoint.sh = entrypoint.sh
			Readme.md = Readme.md
		EndProjectSection
	EndProject
Project("{9A19103F-16F7-4668-BE54-9A1E7A4F7556}") = "OzonEdu.MerchandiseService", "src\OzonEdu.MerchandiseService\OzonEdu.MerchandiseService.csproj", "{0C1846F7-64FB-4724-8D59-56002CFA63C9}"
EndProject
Project("{9A19103F-16F7-4668-BE54-9A1E7A4F7556}") = "OzonEdu.MerchandiseService.Infrastructure", "src\OzonEdu.Infrastructure\OzonEdu.MerchandiseService.Infrastructure.csproj", "{E6BD7EE7-9677-4D83-A4B8-C9F67686C404}"
EndProject
Project("{9A19103F-16F7-4668-BE54-9A1E7A4F7556}") = "OzonEdu.MerchandiseService.Grpc", "src\OzonEdu.MerchandiseService.Grpc\OzonEdu.MerchandiseService.Grpc.csproj", "{A9FA201E-8E38-4CB1-B437-5EBD4FBDF15E}"
EndProject
Project("{FAE04EC0-301F-11D3-BF4B-00C04F79EFBC}") = "OzonEdu.MerchandiseService.Domain", "src\OzonEdu.MerchandiseService.Domain\OzonEdu.MerchandiseService.Domain.csproj", "{05FEB838-0E58-48FB-8E85-B0F89DB1E744}"
EndProject
Project("{FAE04EC0-301F-11D3-BF4B-00C04F79EFBC}") = "OzonEdu.MerchandiseService.Application", "src\OzonEdu.MerchandiseService.Application\OzonEdu.MerchandiseService.Application.csproj", "{0E8C6FE8-2905-46EE-8128-37609FDE351A}"
EndProject
Project("{FAE04EC0-301F-11D3-BF4B-00C04F79EFBC}") = "OzonEdu.MerchandiseService.DomainTests", "tests\OzonEdu.MerchandiseService.DomainTests\OzonEdu.MerchandiseService.DomainTests.csproj", "{88AB27F8-550B-4B31-BB64-05EF8A265978}"
EndProject
Project("{2150E333-8FDC-42A3-9474-1A3956D46DE8}") = "Элементы решения", "Элементы решения", "{754FC069-D67B-A9D7-50A1-8D1CA196D8F1}"
	ProjectSection(SolutionItems) = preProject
		Directory.Build.props = Directory.Build.props
	EndProjectSection
EndProject
Project("{FAE04EC0-301F-11D3-BF4B-00C04F79EFBC}") = "OzonEdu.MerchandiseService.DataAccess.EntityFramework", "src\OzonEdu.MerchandiseService.DataAccess.EntityFramework\OzonEdu.MerchandiseService.DataAccess.EntityFramework.csproj", "{716554A9-B427-44D0-AB11-E4F3E9F51DAE}"
EndProject
Project("{FAE04EC0-301F-11D3-BF4B-00C04F79EFBC}") = "OzonEdu.MerchandiseService.Migrator", "src\OzonEdu.MerchandiseService.Migrator\OzonEdu.MerchandiseService.Migrator.csproj", "{A3C636A2-25D9-49A1-BDDA-D432FD2D721E}"
EndProject
Project("{FAE04EC0-301F-11D3-BF4B-00C04F79EFBC}") = "OzonEdu.MerchandiseService.E2ETests", "tests\OzonEdu.MerchandiseService.E2ETests\OzonEdu.MerchandiseService.E2ETests.csproj", "{3CFD1F1F-7110-0926-BFB0-64736F6AC1B9}"
EndProject
Project("{2150E333-8FDC-42A3-9474-1A3956D46DE8}") = "observability", "observability", "{08A76610-365B-43E2-AD60-5BA17796C381}"
EndProject
Project("{2150E333-8FDC-42A3-9474-1A3956D46DE8}") = "fluent-bit", "fluent-bit", "{BF5A61AD-5813-4E74-A6CF-7D27B7168C90}"
	ProjectSection(SolutionItems) = preProject
		observability\fluent-bit\fluent-bit.conf = observability\fluent-bit\fluent-bit.conf
		observability\fluent-bit\parsers.conf = observability\fluent-bit\parsers.conf
	EndProjectSection
EndProject
Project("{2150E333-8FDC-42A3-9474-1A3956D46DE8}") = "grafana", "grafana", "{D8ED528D-1A1A-47E3-B4A5-DA68F42E56D1}"
EndProject
	Project("{2150E333-8FDC-42A3-9474-1A3956D46DE8}") = "prometheus", "prometheus", "{F72DBE69-B913-42B2-B1F7-F40CAA4EB5DB}"
		ProjectSection(SolutionItems) = preProject
			observability\prometheus\prometheus.yml = observability\prometheus\prometheus.yml
			observability\otel-collector-config.yaml = observability\otel-collector-config.yaml
			observability\loki\config.yaml = observability\loki\config.yaml
			observability\tempo\tempo.yaml = observability\tempo\tempo.yaml
		EndProjectSection
	EndProject
Project("{2150E333-8FDC-42A3-9474-1A3956D46DE8}") = "provisioning", "provisioning", "{7B3E3724-FFCC-49D4-9D3F-DA883D3258C0}"
EndProject
Project("{2150E333-8FDC-42A3-9474-1A3956D46DE8}") = "dashboards", "dashboards", "{48124153-4CA0-4C4E-A70F-E7847F028848}"
	ProjectSection(SolutionItems) = preProject
		observability\grafana\provisioning\dashboards\dashboard-provider.yml = observability\grafana\provisioning\dashboards\dashboard-provider.yml
	EndProjectSection
EndProject
Project("{2150E333-8FDC-42A3-9474-1A3956D46DE8}") = "datasources", "datasources", "{25E10FE8-1906-4DF8-9F0B-5C8AD2641620}"
	ProjectSection(SolutionItems) = preProject
		observability\grafana\provisioning\datasources\datasources.yml = observability\grafana\provisioning\datasources\datasources.yml
	EndProjectSection
EndProject
Project("{2150E333-8FDC-42A3-9474-1A3956D46DE8}") = "json", "json", "{7CE258AA-AD36-4F19-8F6E-5E5725E6DC0F}"
	ProjectSection(SolutionItems) = preProject
		observability\grafana\provisioning\dashboards\json\merchandise-service-overview.json = observability\grafana\provisioning\dashboards\json\merchandise-service-overview.json
	EndProjectSection
EndProject
Global
	GlobalSection(SolutionConfigurationPlatforms) = preSolution
		Debug|Any CPU = Debug|Any CPU
		Release|Any CPU = Release|Any CPU
	EndGlobalSection
	GlobalSection(ProjectConfigurationPlatforms) = postSolution
		{0C1846F7-64FB-4724-8D59-56002CFA63C9}.Debug|Any CPU.ActiveCfg = Debug|Any CPU
		{0C1846F7-64FB-4724-8D59-56002CFA63C9}.Debug|Any CPU.Build.0 = Debug|Any CPU
		{0C1846F7-64FB-4724-8D59-56002CFA63C9}.Release|Any CPU.ActiveCfg = Release|Any CPU
		{0C1846F7-64FB-4724-8D59-56002CFA63C9}.Release|Any CPU.Build.0 = Release|Any CPU
		{E6BD7EE7-9677-4D83-A4B8-C9F67686C404}.Debug|Any CPU.ActiveCfg = Debug|Any CPU
		{E6BD7EE7-9677-4D83-A4B8-C9F67686C404}.Debug|Any CPU.Build.0 = Debug|Any CPU
		{E6BD7EE7-9677-4D83-A4B8-C9F67686C404}.Release|Any CPU.ActiveCfg = Release|Any CPU
		{E6BD7EE7-9677-4D83-A4B8-C9F67686C404}.Release|Any CPU.Build.0 = Release|Any CPU
		{A9FA201E-8E38-4CB1-B437-5EBD4FBDF15E}.Debug|Any CPU.ActiveCfg = Debug|Any CPU
		{A9FA201E-8E38-4CB1-B437-5EBD4FBDF15E}.Debug|Any CPU.Build.0 = Debug|Any CPU
		{A9FA201E-8E38-4CB1-B437-5EBD4FBDF15E}.Release|Any CPU.ActiveCfg = Release|Any CPU
		{A9FA201E-8E38-4CB1-B437-5EBD4FBDF15E}.Release|Any CPU.Build.0 = Release|Any CPU
		{05FEB838-0E58-48FB-8E85-B0F89DB1E744}.Debug|Any CPU.ActiveCfg = Debug|Any CPU
		{05FEB838-0E58-48FB-8E85-B0F89DB1E744}.Debug|Any CPU.Build.0 = Debug|Any CPU
		{05FEB838-0E58-48FB-8E85-B0F89DB1E744}.Release|Any CPU.ActiveCfg = Release|Any CPU
		{05FEB838-0E58-48FB-8E85-B0F89DB1E744}.Release|Any CPU.Build.0 = Release|Any CPU
		{0E8C6FE8-2905-46EE-8128-37609FDE351A}.Debug|Any CPU.ActiveCfg = Debug|Any CPU
		{0E8C6FE8-2905-46EE-8128-37609FDE351A}.Debug|Any CPU.Build.0 = Debug|Any CPU
		{0E8C6FE8-2905-46EE-8128-37609FDE351A}.Release|Any CPU.ActiveCfg = Release|Any CPU
		{0E8C6FE8-2905-46EE-8128-37609FDE351A}.Release|Any CPU.Build.0 = Release|Any CPU
		{88AB27F8-550B-4B31-BB64-05EF8A265978}.Debug|Any CPU.ActiveCfg = Debug|Any CPU
		{88AB27F8-550B-4B31-BB64-05EF8A265978}.Debug|Any CPU.Build.0 = Debug|Any CPU
		{88AB27F8-550B-4B31-BB64-05EF8A265978}.Release|Any CPU.ActiveCfg = Release|Any CPU
		{88AB27F8-550B-4B31-BB64-05EF8A265978}.Release|Any CPU.Build.0 = Release|Any CPU
		{716554A9-B427-44D0-AB11-E4F3E9F51DAE}.Debug|Any CPU.ActiveCfg = Debug|Any CPU
		{716554A9-B427-44D0-AB11-E4F3E9F51DAE}.Debug|Any CPU.Build.0 = Debug|Any CPU
		{716554A9-B427-44D0-AB11-E4F3E9F51DAE}.Release|Any CPU.ActiveCfg = Release|Any CPU
		{716554A9-B427-44D0-AB11-E4F3E9F51DAE}.Release|Any CPU.Build.0 = Release|Any CPU
		{A3C636A2-25D9-49A1-BDDA-D432FD2D721E}.Debug|Any CPU.ActiveCfg = Debug|Any CPU
		{A3C636A2-25D9-49A1-BDDA-D432FD2D721E}.Debug|Any CPU.Build.0 = Debug|Any CPU
		{A3C636A2-25D9-49A1-BDDA-D432FD2D721E}.Release|Any CPU.ActiveCfg = Release|Any CPU
		{A3C636A2-25D9-49A1-BDDA-D432FD2D721E}.Release|Any CPU.Build.0 = Release|Any CPU
		{3CFD1F1F-7110-0926-BFB0-64736F6AC1B9}.Debug|Any CPU.ActiveCfg = Debug|Any CPU
		{3CFD1F1F-7110-0926-BFB0-64736F6AC1B9}.Debug|Any CPU.Build.0 = Debug|Any CPU
		{3CFD1F1F-7110-0926-BFB0-64736F6AC1B9}.Release|Any CPU.ActiveCfg = Release|Any CPU
		{3CFD1F1F-7110-0926-BFB0-64736F6AC1B9}.Release|Any CPU.Build.0 = Release|Any CPU
	EndGlobalSection
	GlobalSection(SolutionProperties) = preSolution
		HideSolutionNode = FALSE
	EndGlobalSection
	GlobalSection(NestedProjects) = preSolution
		{0C1846F7-64FB-4724-8D59-56002CFA63C9} = {B35D9F88-74AE-4357-850D-00B4AF0872F9}
		{E6BD7EE7-9677-4D83-A4B8-C9F67686C404} = {B35D9F88-74AE-4357-850D-00B4AF0872F9}
		{A9FA201E-8E38-4CB1-B437-5EBD4FBDF15E} = {B35D9F88-74AE-4357-850D-00B4AF0872F9}
		{05FEB838-0E58-48FB-8E85-B0F89DB1E744} = {B35D9F88-74AE-4357-850D-00B4AF0872F9}
		{0E8C6FE8-2905-46EE-8128-37609FDE351A} = {B35D9F88-74AE-4357-850D-00B4AF0872F9}
		{88AB27F8-550B-4B31-BB64-05EF8A265978} = {D606625A-3E64-488F-80C2-47B0ADF6D433}
		{716554A9-B427-44D0-AB11-E4F3E9F51DAE} = {B35D9F88-74AE-4357-850D-00B4AF0872F9}
		{A3C636A2-25D9-49A1-BDDA-D432FD2D721E} = {B35D9F88-74AE-4357-850D-00B4AF0872F9}
		{3CFD1F1F-7110-0926-BFB0-64736F6AC1B9} = {D606625A-3E64-488F-80C2-47B0ADF6D433}
		{BF5A61AD-5813-4E74-A6CF-7D27B7168C90} = {08A76610-365B-43E2-AD60-5BA17796C381}
		{D8ED528D-1A1A-47E3-B4A5-DA68F42E56D1} = {08A76610-365B-43E2-AD60-5BA17796C381}
		{F72DBE69-B913-42B2-B1F7-F40CAA4EB5DB} = {08A76610-365B-43E2-AD60-5BA17796C381}
		{7B3E3724-FFCC-49D4-9D3F-DA883D3258C0} = {D8ED528D-1A1A-47E3-B4A5-DA68F42E56D1}
		{48124153-4CA0-4C4E-A70F-E7847F028848} = {7B3E3724-FFCC-49D4-9D3F-DA883D3258C0}
		{25E10FE8-1906-4DF8-9F0B-5C8AD2641620} = {7B3E3724-FFCC-49D4-9D3F-DA883D3258C0}
		{7CE258AA-AD36-4F19-8F6E-5E5725E6DC0F} = {48124153-4CA0-4C4E-A70F-E7847F028848}
	EndGlobalSection
	GlobalSection(ExtensibilityGlobals) = postSolution
		SolutionGuid = {3221F78E-D44A-4118-9A91-CD0EF308C3E9}
	EndGlobalSection
EndGlobal
