
Microsoft Visual Studio Solution File, Format Version 12.00
# Visual Studio Version 17
VisualStudioVersion = 17.9.34607.119
MinimumVisualStudioVersion = 10.0.40219.1
Project("{2150E333-8FDC-42A3-9474-1A3956D46DE8}") = "src", "src", "{B35D9F88-74AE-4357-850D-00B4AF0872F9}"
EndProject
Project("{2150E333-8FDC-42A3-9474-1A3956D46DE8}") = "tests", "tests", "{D606625A-3E64-488F-80C2-47B0ADF6D433}"
EndProject
Project("{2150E333-8FDC-42A3-9474-1A3956D46DE8}") = "common", "common", "{8DCAAB3D-4F2C-46B1-8F13-5E9F08AC03F0}"
	ProjectSection(SolutionItems) = preProject
		Dockerfile = Dockerfile
		Readme.md = Readme.md
	EndProjectSection
EndProject
Project("{9A19103F-16F7-4668-BE54-9A1E7A4F7556}") = "OzonEdu.MerchandiseService", "src\OzonEdu.MerchandiseService\OzonEdu.MerchandiseService.csproj", "{0C1846F7-64FB-4724-8D59-56002CFA63C9}"
EndProject
Project("{9A19103F-16F7-4668-BE54-9A1E7A4F7556}") = "OzonEdu.MerchandiseService.Infrastructure", "OzonEdu.Infrastructure\OzonEdu.MerchandiseService.Infrastructure.csproj", "{E6BD7EE7-9677-4D83-A4B8-C9F67686C404}"
EndProject
Project("{9A19103F-16F7-4668-BE54-9A1E7A4F7556}") = "OzonEdu.MerchandiseService.ConsoleHttpClient", "OzonEdu.MerchandiseService.ConsoleHttpClient\OzonEdu.MerchandiseService.ConsoleHttpClient.csproj", "{0C60DC2B-6D87-465B-BFBE-0A3508E880D5}"
EndProject
Project("{9A19103F-16F7-4668-BE54-9A1E7A4F7556}") = "OzonEdu.MerchandiseService.Http", "OzonEdu.MerchandiseService.Http\OzonEdu.MerchandiseService.Http.csproj", "{FBDF60FC-D00A-41D3-ABE5-05E4BB507A6D}"
EndProject
Project("{9A19103F-16F7-4668-BE54-9A1E7A4F7556}") = "OzonEdu.MerchandiseService.Grpc", "OzonEdu.MerchandiseService.Grpc\OzonEdu.MerchandiseService.Grpc.csproj", "{A9FA201E-8E38-4CB1-B437-5EBD4FBDF15E}"
EndProject
Project("{9A19103F-16F7-4668-BE54-9A1E7A4F7556}") = "OzonEdu.MerchandiseService.ConsoleGrpcClient", "OzonEdu.MerchandiseService.ConsoleGrpcClient\OzonEdu.MerchandiseService.ConsoleGrpcClient.csproj", "{309DA02F-9918-4134-81BF-470B62DB8F1A}"
EndProject
Project("{FAE04EC0-301F-11D3-BF4B-00C04F79EFBC}") = "OzonEdu.MerchandiseService.Domain", "OzonEdu.MerchandiseService.Domain\OzonEdu.MerchandiseService.Domain.csproj", "{05FEB838-0E58-48FB-8E85-B0F89DB1E744}"
EndProject
Project("{FAE04EC0-301F-11D3-BF4B-00C04F79EFBC}") = "OzonEdu.MerchandiseService.Application", "OzonEdu.MerchandiseService.Application\OzonEdu.MerchandiseService.Application.csproj", "{0E8C6FE8-2905-46EE-8128-37609FDE351A}"
EndProject
Project("{FAE04EC0-301F-11D3-BF4B-00C04F79EFBC}") = "OzonEdu.MerchandiseService.DomainTests", "OzonEdu.MerchandiseService.DomainTests\OzonEdu.MerchandiseService.DomainTests.csproj", "{88AB27F8-550B-4B31-BB64-05EF8A265978}"
EndProject
Global
	GlobalSection(SolutionConfigurationPlatforms) = preSolution
		Debug|Any CPU = Debug|Any CPU
		Release|Any CPU = Release|Any CPU
	EndGlobalSection
	GlobalSection(ProjectConfigurationPlatforms) = postSolution
		{0C1846F7-64FB-4724-8D59-56002CFA63C9}.Debug|Any CPU.ActiveCfg = Debug|Any CPU
		{0C1846F7-64FB-4724-8D59-56002CFA63C9}.Debug|Any CPU.Build.0 = Debug|Any CPU
		{0C1846F7-64FB-4724-8D59-56002CFA63C9}.Release|Any CPU.ActiveCfg = Release|Any CPU
		{0C1846F7-64FB-4724-8D59-56002CFA63C9}.Release|Any CPU.Build.0 = Release|Any CPU
		{E6BD7EE7-9677-4D83-A4B8-C9F67686C404}.Debug|Any CPU.ActiveCfg = Debug|Any CPU
		{E6BD7EE7-9677-4D83-A4B8-C9F67686C404}.Debug|Any CPU.Build.0 = Debug|Any CPU
		{E6BD7EE7-9677-4D83-A4B8-C9F67686C404}.Release|Any CPU.ActiveCfg = Release|Any CPU
		{E6BD7EE7-9677-4D83-A4B8-C9F67686C404}.Release|Any CPU.Build.0 = Release|Any CPU
		{0C60DC2B-6D87-465B-BFBE-0A3508E880D5}.Debug|Any CPU.ActiveCfg = Debug|Any CPU
		{0C60DC2B-6D87-465B-BFBE-0A3508E880D5}.Debug|Any CPU.Build.0 = Debug|Any CPU
		{0C60DC2B-6D87-465B-BFBE-0A3508E880D5}.Release|Any CPU.ActiveCfg = Release|Any CPU
		{0C60DC2B-6D87-465B-BFBE-0A3508E880D5}.Release|Any CPU.Build.0 = Release|Any CPU
		{FBDF60FC-D00A-41D3-ABE5-05E4BB507A6D}.Debug|Any CPU.ActiveCfg = Debug|Any CPU
		{FBDF60FC-D00A-41D3-ABE5-05E4BB507A6D}.Debug|Any CPU.Build.0 = Debug|Any CPU
		{FBDF60FC-D00A-41D3-ABE5-05E4BB507A6D}.Release|Any CPU.ActiveCfg = Release|Any CPU
		{FBDF60FC-D00A-41D3-ABE5-05E4BB507A6D}.Release|Any CPU.Build.0 = Release|Any CPU
		{A9FA201E-8E38-4CB1-B437-5EBD4FBDF15E}.Debug|Any CPU.ActiveCfg = Debug|Any CPU
		{A9FA201E-8E38-4CB1-B437-5EBD4FBDF15E}.Debug|Any CPU.Build.0 = Debug|Any CPU
		{A9FA201E-8E38-4CB1-B437-5EBD4FBDF15E}.Release|Any CPU.ActiveCfg = Release|Any CPU
		{A9FA201E-8E38-4CB1-B437-5EBD4FBDF15E}.Release|Any CPU.Build.0 = Release|Any CPU
		{309DA02F-9918-4134-81BF-470B62DB8F1A}.Debug|Any CPU.ActiveCfg = Debug|Any CPU
		{309DA02F-9918-4134-81BF-470B62DB8F1A}.Debug|Any CPU.Build.0 = Debug|Any CPU
		{309DA02F-9918-4134-81BF-470B62DB8F1A}.Release|Any CPU.ActiveCfg = Release|Any CPU
		{309DA02F-9918-4134-81BF-470B62DB8F1A}.Release|Any CPU.Build.0 = Release|Any CPU
		{05FEB838-0E58-48FB-8E85-B0F89DB1E744}.Debug|Any CPU.ActiveCfg = Debug|Any CPU
		{05FEB838-0E58-48FB-8E85-B0F89DB1E744}.Debug|Any CPU.Build.0 = Debug|Any CPU
		{05FEB838-0E58-48FB-8E85-B0F89DB1E744}.Release|Any CPU.ActiveCfg = Release|Any CPU
		{05FEB838-0E58-48FB-8E85-B0F89DB1E744}.Release|Any CPU.Build.0 = Release|Any CPU
		{0E8C6FE8-2905-46EE-8128-37609FDE351A}.Debug|Any CPU.ActiveCfg = Debug|Any CPU
		{0E8C6FE8-2905-46EE-8128-37609FDE351A}.Debug|Any CPU.Build.0 = Debug|Any CPU
		{0E8C6FE8-2905-46EE-8128-37609FDE351A}.Release|Any CPU.ActiveCfg = Release|Any CPU
		{0E8C6FE8-2905-46EE-8128-37609FDE351A}.Release|Any CPU.Build.0 = Release|Any CPU
		{88AB27F8-550B-4B31-BB64-05EF8A265978}.Debug|Any CPU.ActiveCfg = Debug|Any CPU
		{88AB27F8-550B-4B31-BB64-05EF8A265978}.Debug|Any CPU.Build.0 = Debug|Any CPU
		{88AB27F8-550B-4B31-BB64-05EF8A265978}.Release|Any CPU.ActiveCfg = Release|Any CPU
		{88AB27F8-550B-4B31-BB64-05EF8A265978}.Release|Any CPU.Build.0 = Release|Any CPU
	EndGlobalSection
	GlobalSection(SolutionProperties) = preSolution
		HideSolutionNode = FALSE
	EndGlobalSection
	GlobalSection(NestedProjects) = preSolution
		{0C1846F7-64FB-4724-8D59-56002CFA63C9} = {B35D9F88-74AE-4357-850D-00B4AF0872F9}
		{E6BD7EE7-9677-4D83-A4B8-C9F67686C404} = {B35D9F88-74AE-4357-850D-00B4AF0872F9}
		{0C60DC2B-6D87-465B-BFBE-0A3508E880D5} = {B35D9F88-74AE-4357-850D-00B4AF0872F9}
		{FBDF60FC-D00A-41D3-ABE5-05E4BB507A6D} = {B35D9F88-74AE-4357-850D-00B4AF0872F9}
		{A9FA201E-8E38-4CB1-B437-5EBD4FBDF15E} = {B35D9F88-74AE-4357-850D-00B4AF0872F9}
		{309DA02F-9918-4134-81BF-470B62DB8F1A} = {B35D9F88-74AE-4357-850D-00B4AF0872F9}
		{05FEB838-0E58-48FB-8E85-B0F89DB1E744} = {B35D9F88-74AE-4357-850D-00B4AF0872F9}
		{0E8C6FE8-2905-46EE-8128-37609FDE351A} = {B35D9F88-74AE-4357-850D-00B4AF0872F9}
		{88AB27F8-550B-4B31-BB64-05EF8A265978} = {D606625A-3E64-488F-80C2-47B0ADF6D433}
	EndGlobalSection
	GlobalSection(ExtensibilityGlobals) = postSolution
		SolutionGuid = {3221F78E-D44A-4118-9A91-CD0EF308C3E9}
	EndGlobalSection
EndGlobal
